
Microsoft Visual Studio Solution File, Format Version 12.00
# Visual Studio Version 16
VisualStudioVersion = 16.0.31129.286
MinimumVisualStudioVersion = 10.0.40219.1
Project("{FAE04EC0-301F-11D3-BF4B-00C04F79EFBC}") = "SortArray", "SortArray\SortArray.csproj", "{D5503DFD-6A31-4BD3-B230-C6B9CC8860BB}"
EndProject
Global
	GlobalSection(SolutionConfigurationPlatforms) = preSolution
		Debug|Any CPU = Debug|Any CPU
		Release|Any CPU = Release|Any CPU
	EndGlobalSection
	GlobalSection(ProjectConfigurationPlatforms) = postSolution
		{D5503DFD-6A31-4BD3-B230-C6B9CC8860BB}.Debug|Any CPU.ActiveCfg = Debug|Any CPU
		{D5503DFD-6A31-4BD3-B230-C6B9CC8860BB}.Debug|Any CPU.Build.0 = Debug|Any CPU
		{D5503DFD-6A31-4BD3-B230-C6B9CC8860BB}.Release|Any CPU.ActiveCfg = Release|Any CPU
		{D5503DFD-6A31-4BD3-B230-C6B9CC8860BB}.Release|Any CPU.Build.0 = Release|Any CPU
	EndGlobalSection
	GlobalSection(SolutionProperties) = preSolution
		HideSolutionNode = FALSE
	EndGlobalSection
	GlobalSection(ExtensibilityGlobals) = postSolution
		SolutionGuid = {E7029AA6-E72A-412D-8C32-A501D4456C53}
	EndGlobalSection
EndGlobal
